
Microsoft Visual Studio Solution File, Format Version 12.00
# Visual Studio Version 16
VisualStudioVersion = 16.0.30523.141
MinimumVisualStudioVersion = 10.0.40219.1
Project("{FAE04EC0-301F-11D3-BF4B-00C04F79EFBC}") = "CoreBillingService", "CoreBillingService\CoreBillingService.csproj", "{7C1BC63C-13D0-40E9-AB28-3844C34BE44A}"
EndProject
Project("{54435603-DBB4-11D2-8724-00A0C9A8B90C}") = "Core Billing Installer", "Setup\Setup.vdproj", "{009C9672-DAD5-4B83-B839-208D24C2F66C}"
EndProject
Global
	GlobalSection(SolutionConfigurationPlatforms) = preSolution
		Debug|Any CPU = Debug|Any CPU
		Release|Any CPU = Release|Any CPU
	EndGlobalSection
	GlobalSection(ProjectConfigurationPlatforms) = postSolution
		{7C1BC63C-13D0-40E9-AB28-3844C34BE44A}.Debug|Any CPU.ActiveCfg = Debug|Any CPU
		{7C1BC63C-13D0-40E9-AB28-3844C34BE44A}.Debug|Any CPU.Build.0 = Debug|Any CPU
		{7C1BC63C-13D0-40E9-AB28-3844C34BE44A}.Release|Any CPU.ActiveCfg = Release|Any CPU
		{7C1BC63C-13D0-40E9-AB28-3844C34BE44A}.Release|Any CPU.Build.0 = Release|Any CPU
		{009C9672-DAD5-4B83-B839-208D24C2F66C}.Debug|Any CPU.ActiveCfg = Debug
		{009C9672-DAD5-4B83-B839-208D24C2F66C}.Debug|Any CPU.Build.0 = Debug
		{009C9672-DAD5-4B83-B839-208D24C2F66C}.Release|Any CPU.ActiveCfg = Release
		{009C9672-DAD5-4B83-B839-208D24C2F66C}.Release|Any CPU.Build.0 = Release
	EndGlobalSection
	GlobalSection(SolutionProperties) = preSolution
		HideSolutionNode = FALSE
	EndGlobalSection
	GlobalSection(ExtensibilityGlobals) = postSolution
		SolutionGuid = {D08D3604-1333-4A21-BBED-6E08A186F284}
	EndGlobalSection
EndGlobal
